
Microsoft Visual Studio Solution File, Format Version 12.00
# Visual Studio Version 17
VisualStudioVersion = 17.14.36518.9 d17.14
MinimumVisualStudioVersion = 10.0.40219.1
Project("{FAE04EC0-301F-11D3-BF4B-00C04F79EFBC}") = "WeatherForecastApp", "WeatherForecastApp\WeatherForecastApp.csproj", "{609D4074-4F72-408E-853C-10A34D7D712B}"
EndProject
Global
	GlobalSection(SolutionConfigurationPlatforms) = preSolution
		Debug|Any CPU = Debug|Any CPU
		Release|Any CPU = Release|Any CPU
	EndGlobalSection
	GlobalSection(ProjectConfigurationPlatforms) = postSolution
		{609D4074-4F72-408E-853C-10A34D7D712B}.Debug|Any CPU.ActiveCfg = Debug|Any CPU
		{609D4074-4F72-408E-853C-10A34D7D712B}.Debug|Any CPU.Build.0 = Debug|Any CPU
		{609D4074-4F72-408E-853C-10A34D7D712B}.Release|Any CPU.ActiveCfg = Release|Any CPU
		{609D4074-4F72-408E-853C-10A34D7D712B}.Release|Any CPU.Build.0 = Release|Any CPU
	EndGlobalSection
	GlobalSection(SolutionProperties) = preSolution
		HideSolutionNode = FALSE
	EndGlobalSection
	GlobalSection(ExtensibilityGlobals) = postSolution
		SolutionGuid = {C0AA0778-6D31-4F63-91A2-65A3994DAC19}
	EndGlobalSection
EndGlobal
