
Microsoft Visual Studio Solution File, Format Version 12.00
# Visual Studio Version 17
VisualStudioVersion = 17.14.36518.9 d17.14
MinimumVisualStudioVersion = 10.0.40219.1
Project("{FAE04EC0-301F-11D3-BF4B-00C04F79EFBC}") = "Day13CS", "Day13CS\Day13CS.csproj", "{4649FA64-D2FE-482E-9A0B-891338E0394A}"
EndProject
Global
	GlobalSection(SolutionConfigurationPlatforms) = preSolution
		Debug|Any CPU = Debug|Any CPU
		Release|Any CPU = Release|Any CPU
	EndGlobalSection
	GlobalSection(ProjectConfigurationPlatforms) = postSolution
		{4649FA64-D2FE-482E-9A0B-891338E0394A}.Debug|Any CPU.ActiveCfg = Debug|Any CPU
		{4649FA64-D2FE-482E-9A0B-891338E0394A}.Debug|Any CPU.Build.0 = Debug|Any CPU
		{4649FA64-D2FE-482E-9A0B-891338E0394A}.Release|Any CPU.ActiveCfg = Release|Any CPU
		{4649FA64-D2FE-482E-9A0B-891338E0394A}.Release|Any CPU.Build.0 = Release|Any CPU
	EndGlobalSection
	GlobalSection(SolutionProperties) = preSolution
		HideSolutionNode = FALSE
	EndGlobalSection
	GlobalSection(ExtensibilityGlobals) = postSolution
		SolutionGuid = {5CDFE52D-EF32-41DC-9133-62BBBB1D9F38}
	EndGlobalSection
EndGlobal
