
Microsoft Visual Studio Solution File, Format Version 12.00
# Visual Studio Version 17
VisualStudioVersion = 17.14.36518.9 d17.14
MinimumVisualStudioVersion = 10.0.40219.1
Project("{FAE04EC0-301F-11D3-BF4B-00C04F79EFBC}") = "Linq", "Linq\Linq.csproj", "{2EEBE149-76AE-4F2D-A680-178ACF712540}"
EndProject
Project("{FAE04EC0-301F-11D3-BF4B-00C04F79EFBC}") = "BasicLinq", "BasicLinq\BasicLinq.csproj", "{0E76AF0B-2043-4C7C-ABE9-6E134F735C36}"
EndProject
Global
	GlobalSection(SolutionConfigurationPlatforms) = preSolution
		Debug|Any CPU = Debug|Any CPU
		Release|Any CPU = Release|Any CPU
	EndGlobalSection
	GlobalSection(ProjectConfigurationPlatforms) = postSolution
		{2EEBE149-76AE-4F2D-A680-178ACF712540}.Debug|Any CPU.ActiveCfg = Debug|Any CPU
		{2EEBE149-76AE-4F2D-A680-178ACF712540}.Debug|Any CPU.Build.0 = Debug|Any CPU
		{2EEBE149-76AE-4F2D-A680-178ACF712540}.Release|Any CPU.ActiveCfg = Release|Any CPU
		{2EEBE149-76AE-4F2D-A680-178ACF712540}.Release|Any CPU.Build.0 = Release|Any CPU
		{0E76AF0B-2043-4C7C-ABE9-6E134F735C36}.Debug|Any CPU.ActiveCfg = Debug|Any CPU
		{0E76AF0B-2043-4C7C-ABE9-6E134F735C36}.Debug|Any CPU.Build.0 = Debug|Any CPU
		{0E76AF0B-2043-4C7C-ABE9-6E134F735C36}.Release|Any CPU.ActiveCfg = Release|Any CPU
		{0E76AF0B-2043-4C7C-ABE9-6E134F735C36}.Release|Any CPU.Build.0 = Release|Any CPU
	EndGlobalSection
	GlobalSection(SolutionProperties) = preSolution
		HideSolutionNode = FALSE
	EndGlobalSection
	GlobalSection(ExtensibilityGlobals) = postSolution
		SolutionGuid = {362AA1BB-071B-404B-93A8-830C7316B509}
	EndGlobalSection
EndGlobal
